filippo.io/edwards25519 v1.1.0 h1:FNf4tywRC1HmFuKW5xopWpigGjJKiJSV0Cqo0cJWDaA=
filippo.io/edwards25519 v1.1.0/go.mod h1:BxyFTGdWcka3PhytdK4V28tE5sGfRvvvRV7EaN4VDT4=
github.com/xssnick/raptorq v1.2.0 h1:ts8yjB3Xns3GS4V7/xQLx9lYLAlSwzlvJjGDLscZCDA=
github.com/xssnick/raptorq v1.2.0/go.mod h1:kgEVVsZv2hP+IeV7C7985KIFsDdvYq2ARW234SBA9Q4=
golang.org/x/crypto v0.42.0 h1:chiH31gIWm57EkTXpwnqf8qeuMUi0yekh6mT2AvFlqI=
golang.org/x/crypto v0.42.0/go.mod h1:4+rDnOTJhQCx2q7/j6rAN5XDw8kPjeaXEUR2eL94ix8=
